// !$*UTF8*$!
{
	archiveVersion = 1;
	classes = {
	};
	objectVersion = 50;
	objects = {

/* Begin PBXBuildFile section */
		F004508126ABAC4C00369D63 /* NamedFaces.swift in Sources */ = {isa = PBXBuildFile; fileRef = F004508026ABAC4C00369D63 /* NamedFaces.swift */; };
		F0463BA726A0D21E00333407 /* NamesToFacesApp.swift in Sources */ = {isa = PBXBuildFile; fileRef = F0463BA626A0D21E00333407 /* NamesToFacesApp.swift */; };
		F0463BA926A0D21E00333407 /* ContentView.swift in Sources */ = {isa = PBXBuildFile; fileRef = F0463BA826A0D21E00333407 /* ContentView.swift */; };
		F0463BAB26A0D22100333407 /* Assets.xcassets in Resources */ = {isa = PBXBuildFile; fileRef = F0463BAA26A0D22100333407 /* Assets.xcassets */; };
		F0463BAE26A0D22100333407 /* Preview Assets.xcassets in Resources */ = {isa = PBXBuildFile; fileRef = F0463BAD26A0D22100333407 /* Preview Assets.xcassets */; };
		F0463BB626A0D56A00333407 /* ImagePicker.swift in Sources */ = {isa = PBXBuildFile; fileRef = F0463BB526A0D56A00333407 /* ImagePicker.swift */; };
		F0463BB826A0DA8F00333407 /* NamedFace.swift in Sources */ = {isa = PBXBuildFile; fileRef = F0463BB726A0DA8F00333407 /* NamedFace.swift */; };
		F0A77E0D26ACC5210009153B /* FileManager-Codable.swift in Sources */ = {isa = PBXBuildFile; fileRef = F0A77E0C26ACC5210009153B /* FileManager-Codable.swift */; };
		F0AFF2A526AD62B7009CB7F0 /* NamedFacesListView.swift in Sources */ = {isa = PBXBuildFile; fileRef = F0AFF2A426AD62B7009CB7F0 /* NamedFacesListView.swift */; };
		F0AFF2A726AD62CB009CB7F0 /* AddNamedFaceView.swift in Sources */ = {isa = PBXBuildFile; fileRef = F0AFF2A626AD62CB009CB7F0 /* AddNamedFaceView.swift */; };
		F0D59E3C26A4E531005B93A4 /* NamedFaceDetailView.swift in Sources */ = {isa = PBXBuildFile; fileRef = F0D59E3B26A4E531005B93A4 /* NamedFaceDetailView.swift */; };
/* End PBXBuildFile section */

/* Begin PBXFileReference section */
		F004508026ABAC4C00369D63 /* NamedFaces.swift */ = {isa = PBXFileReference; lastKnownFileType = sourcecode.swift; path = NamedFaces.swift; sourceTree = "<group>"; };
		F0463BA326A0D21E00333407 /* NamesToFaces.app */ = {isa = PBXFileReference; explicitFileType = wrapper.application; includeInIndex = 0; path = NamesToFaces.app; sourceTree = BUILT_PRODUCTS_DIR; };
		F0463BA626A0D21E00333407 /* NamesToFacesApp.swift */ = {isa = PBXFileReference; lastKnownFileType = sourcecode.swift; path = NamesToFacesApp.swift; sourceTree = "<group>"; };
		F0463BA826A0D21E00333407 /* ContentView.swift */ = {isa = PBXFileReference; lastKnownFileType = sourcecode.swift; path = ContentView.swift; sourceTree = "<group>"; };
		F0463BAA26A0D22100333407 /* Assets.xcassets */ = {isa = PBXFileReference; lastKnownFileType = folder.assetcatalog; path = Assets.xcassets; sourceTree = "<group>"; };
		F0463BAD26A0D22100333407 /* Preview Assets.xcassets */ = {isa = PBXFileReference; lastKnownFileType = folder.assetcatalog; path = "Preview Assets.xcassets"; sourceTree = "<group>"; };
		F0463BAF26A0D22100333407 /* Info.plist */ = {isa = PBXFileReference; lastKnownFileType = text.plist.xml; path = Info.plist; sourceTree = "<group>"; };
		F0463BB526A0D56A00333407 /* ImagePicker.swift */ = {isa = PBXFileReference; lastKnownFileType = sourcecode.swift; path = ImagePicker.swift; sourceTree = "<group>"; };
		F0463BB726A0DA8F00333407 /* NamedFace.swift */ = {isa = PBXFileReference; lastKnownFileType = sourcecode.swift; path = NamedFace.swift; sourceTree = "<group>"; };
		F0A77E0C26ACC5210009153B /* FileManager-Codable.swift */ = {isa = PBXFileReference; lastKnownFileType = sourcecode.swift; path = "FileManager-Codable.swift"; sourceTree = "<group>"; };
		F0AFF2A426AD62B7009CB7F0 /* NamedFacesListView.swift */ = {isa = PBXFileReference; lastKnownFileType = sourcecode.swift; path = NamedFacesListView.swift; sourceTree = "<group>"; };
		F0AFF2A626AD62CB009CB7F0 /* AddNamedFaceView.swift */ = {isa = PBXFileReference; lastKnownFileType = sourcecode.swift; path = AddNamedFaceView.swift; sourceTree = "<group>"; };
		F0D59E3B26A4E531005B93A4 /* NamedFaceDetailView.swift */ = {isa = PBXFileReference; lastKnownFileType = sourcecode.swift; path = NamedFaceDetailView.swift; sourceTree = "<group>"; };
/* End PBXFileReference section */

/* Begin PBXFrameworksBuildPhase section */
		F0463BA026A0D21E00333407 /* Frameworks */ = {
			isa = PBXFrameworksBuildPhase;
			buildActionMask = 2147483647;
			files = (
			);
			runOnlyForDeploymentPostprocessing = 0;
		};
/* End PBXFrameworksBuildPhase section */

/* Begin PBXGroup section */
		F0463B9A26A0D21E00333407 = {
			isa = PBXGroup;
			children = (
				F0463BA526A0D21E00333407 /* NamesToFaces */,
				F0463BA426A0D21E00333407 /* Products */,
			);
			sourceTree = "<group>";
		};
		F0463BA426A0D21E00333407 /* Products */ = {
			isa = PBXGroup;
			children = (
				F0463BA326A0D21E00333407 /* NamesToFaces.app */,
			);
			name = Products;
			sourceTree = "<group>";
		};
		F0463BA526A0D21E00333407 /* NamesToFaces */ = {
			isa = PBXGroup;
			children = (
				F0463BA626A0D21E00333407 /* NamesToFacesApp.swift */,
				F0463BA826A0D21E00333407 /* ContentView.swift */,
				F0AFF2A626AD62CB009CB7F0 /* AddNamedFaceView.swift */,
				F0AFF2A426AD62B7009CB7F0 /* NamedFacesListView.swift */,
				F0D59E3B26A4E531005B93A4 /* NamedFaceDetailView.swift */,
				F004508026ABAC4C00369D63 /* NamedFaces.swift */,
				F0463BB726A0DA8F00333407 /* NamedFace.swift */,
				F0463BB526A0D56A00333407 /* ImagePicker.swift */,
				F0A77E0C26ACC5210009153B /* FileManager-Codable.swift */,
				F0463BAA26A0D22100333407 /* Assets.xcassets */,
				F0463BAF26A0D22100333407 /* Info.plist */,
				F0463BAC26A0D22100333407 /* Preview Content */,
			);
			path = NamesToFaces;
			sourceTree = "<group>";
		};
		F0463BAC26A0D22100333407 /* Preview Content */ = {
			isa = PBXGroup;
			children = (
				F0463BAD26A0D22100333407 /* Preview Assets.xcassets */,
			);
			path = "Preview Content";
			sourceTree = "<group>";
		};
/* End PBXGroup section */

/* Begin PBXNativeTarget section */
		F0463BA226A0D21E00333407 /* NamesToFaces */ = {
			isa = PBXNativeTarget;
			buildConfigurationList = F0463BB226A0D22100333407 /* Build configuration list for PBXNativeTarget "NamesToFaces" */;
			buildPhases = (
				F0463B9F26A0D21E00333407 /* Sources */,
				F0463BA026A0D21E00333407 /* Frameworks */,
				F0463BA126A0D21E00333407 /* Resources */,
			);
			buildRules = (
			);
			dependencies = (
			);
			name = NamesToFaces;
			productName = NamesToFaces;
			productReference = F0463BA326A0D21E00333407 /* NamesToFaces.app */;
			productType = "com.apple.product-type.application";
		};
/* End PBXNativeTarget section */

/* Begin PBXProject section */
		F0463B9B26A0D21E00333407 /* Project object */ = {
			isa = PBXProject;
			attributes = {
				LastSwiftUpdateCheck = 1250;
				LastUpgradeCheck = 1250;
				TargetAttributes = {
					F0463BA226A0D21E00333407 = {
						CreatedOnToolsVersion = 12.5.1;
					};
				};
			};
			buildConfigurationList = F0463B9E26A0D21E00333407 /* Build configuration list for PBXProject "NamesToFaces" */;
			compatibilityVersion = "Xcode 9.3";
			developmentRegion = en;
			hasScannedForEncodings = 0;
			knownRegions = (
				en,
				Base,
			);
			mainGroup = F0463B9A26A0D21E00333407;
			productRefGroup = F0463BA426A0D21E00333407 /* Products */;
			projectDirPath = "";
			projectRoot = "";
			targets = (
				F0463BA226A0D21E00333407 /* NamesToFaces */,
			);
		};
/* End PBXProject section */

/* Begin PBXResourcesBuildPhase section */
		F0463BA126A0D21E00333407 /* Resources */ = {
			isa = PBXResourcesBuildPhase;
			buildActionMask = 2147483647;
			files = (
				F0463BAE26A0D22100333407 /* Preview Assets.xcassets in Resources */,
				F0463BAB26A0D22100333407 /* Assets.xcassets in Resources */,
			);
			runOnlyForDeploymentPostprocessing = 0;
		};
/* End PBXResourcesBuildPhase section */

/* Begin PBXSourcesBuildPhase section */
		F0463B9F26A0D21E00333407 /* Sources */ = {
			isa = PBXSourcesBuildPhase;
			buildActionMask = 2147483647;
			files = (
				F004508126ABAC4C00369D63 /* NamedFaces.swift in Sources */,
				F0AFF2A526AD62B7009CB7F0 /* NamedFacesListView.swift in Sources */,
				F0D59E3C26A4E531005B93A4 /* NamedFaceDetailView.swift in Sources */,
				F0AFF2A726AD62CB009CB7F0 /* AddNamedFaceView.swift in Sources */,
				F0463BB626A0D56A00333407 /* ImagePicker.swift in Sources */,
				F0463BA926A0D21E00333407 /* ContentView.swift in Sources */,
				F0A77E0D26ACC5210009153B /* FileManager-Codable.swift in Sources */,
				F0463BB826A0DA8F00333407 /* NamedFace.swift in Sources */,
				F0463BA726A0D21E00333407 /* NamesToFacesApp.swift in Sources */,
			);
			runOnlyForDeploymentPostprocessing = 0;
		};
/* End PBXSourcesBuildPhase section */

/* Begin XCBuildConfiguration section */
		F0463BB026A0D22100333407 /* Debug */ = {
			isa = XCBuildConfiguration;
			buildSettings = {
				ALWAYS_SEARCH_USER_PATHS = NO;
				CLANG_ANALYZER_NONNULL = YES;
				CLANG_ANALYZER_NUMBER_OBJECT_CONVERSION = YES_AGGRESSIVE;
				CLANG_CXX_LANGUAGE_STANDARD = "gnu++14";
				CLANG_CXX_LIBRARY = "libc++";
				CLANG_ENABLE_MODULES = YES;
				CLANG_ENABLE_OBJC_ARC = YES;
				CLANG_ENABLE_OBJC_WEAK = YES;
				CLANG_WARN_BLOCK_CAPTURE_AUTORELEASING = YES;
				CLANG_WARN_BOOL_CONVERSION = YES;
				CLANG_WARN_COMMA = YES;
				CLANG_WARN_CONSTANT_CONVERSION = YES;
				CLANG_WARN_DEPRECATED_OBJC_IMPLEMENTATIONS = YES;
				CLANG_WARN_DIRECT_OBJC_ISA_USAGE = YES_ERROR;
				CLANG_WARN_DOCUMENTATION_COMMENTS = YES;
				CLANG_WARN_EMPTY_BODY = YES;
				CLANG_WARN_ENUM_CONVERSION = YES;
				CLANG_WARN_INFINITE_RECURSION = YES;
				CLANG_WARN_INT_CONVERSION = YES;
				CLANG_WARN_NON_LITERAL_NULL_CONVERSION = YES;
				CLANG_WARN_OBJC_IMPLICIT_RETAIN_SELF = YES;
				CLANG_WARN_OBJC_LITERAL_CONVERSION = YES;
				CLANG_WARN_OBJC_ROOT_CLASS = YES_ERROR;
				CLANG_WARN_QUOTED_INCLUDE_IN_FRAMEWORK_HEADER = YES;
				CLANG_WARN_RANGE_LOOP_ANALYSIS = YES;
				CLANG_WARN_STRICT_PROTOTYPES = YES;
				CLANG_WARN_SUSPICIOUS_MOVE = YES;
				CLANG_WARN_UNGUARDED_AVAILABILITY = YES_AGGRESSIVE;
				CLANG_WARN_UNREACHABLE_CODE = YES;
				CLANG_WARN__DUPLICATE_METHOD_MATCH = YES;
				COPY_PHASE_STRIP = NO;
				DEBUG_INFORMATION_FORMAT = dwarf;
				ENABLE_STRICT_OBJC_MSGSEND = YES;
				ENABLE_TESTABILITY = YES;
				GCC_C_LANGUAGE_STANDARD = gnu11;
				GCC_DYNAMIC_NO_PIC = NO;
				GCC_NO_COMMON_BLOCKS = YES;
				GCC_OPTIMIZATION_LEVEL = 0;
				GCC_PREPROCESSOR_DEFINITIONS = (
					"DEBUG=1",
					"$(inherited)",
				);
				GCC_WARN_64_TO_32_BIT_CONVERSION = YES;
				GCC_WARN_ABOUT_RETURN_TYPE = YES_ERROR;
				GCC_WARN_UNDECLARED_SELECTOR = YES;
				GCC_WARN_UNINITIALIZED_AUTOS = YES_AGGRESSIVE;
				GCC_WARN_UNUSED_FUNCTION = YES;
				GCC_WARN_UNUSED_VARIABLE = YES;
				IPHONEOS_DEPLOYMENT_TARGET = 14.5;
				MTL_ENABLE_DEBUG_INFO = INCLUDE_SOURCE;
				MTL_FAST_MATH = YES;
				ONLY_ACTIVE_ARCH = YES;
				SDKROOT = iphoneos;
				SWIFT_ACTIVE_COMPILATION_CONDITIONS = DEBUG;
				SWIFT_OPTIMIZATION_LEVEL = "-Onone";
			};
			name = Debug;
		};
		F0463BB126A0D22100333407 /* Release */ = {
			isa = XCBuildConfiguration;
			buildSettings = {
				ALWAYS_SEARCH_USER_PATHS = NO;
				CLANG_ANALYZER_NONNULL = YES;
				CLANG_ANALYZER_NUMBER_OBJECT_CONVERSION = YES_AGGRESSIVE;
				CLANG_CXX_LANGUAGE_STANDARD = "gnu++14";
				CLANG_CXX_LIBRARY = "libc++";
				CLANG_ENABLE_MODULES = YES;
				CLANG_ENABLE_OBJC_ARC = YES;
				CLANG_ENABLE_OBJC_WEAK = YES;
				CLANG_WARN_BLOCK_CAPTURE_AUTORELEASING = YES;
				CLANG_WARN_BOOL_CONVERSION = YES;
				CLANG_WARN_COMMA = YES;
				CLANG_WARN_CONSTANT_CONVERSION = YES;
				CLANG_WARN_DEPRECATED_OBJC_IMPLEMENTATIONS = YES;
				CLANG_WARN_DIRECT_OBJC_ISA_USAGE = YES_ERROR;
				CLANG_WARN_DOCUMENTATION_COMMENTS = YES;
				CLANG_WARN_EMPTY_BODY = YES;
				CLANG_WARN_ENUM_CONVERSION = YES;
				CLANG_WARN_INFINITE_RECURSION = YES;
				CLANG_WARN_INT_CONVERSION = YES;
				CLANG_WARN_NON_LITERAL_NULL_CONVERSION = YES;
				CLANG_WARN_OBJC_IMPLICIT_RETAIN_SELF = YES;
				CLANG_WARN_OBJC_LITERAL_CONVERSION = YES;
				CLANG_WARN_OBJC_ROOT_CLASS = YES_ERROR;
				CLANG_WARN_QUOTED_INCLUDE_IN_FRAMEWORK_HEADER = YES;
				CLANG_WARN_RANGE_LOOP_ANALYSIS = YES;
				CLANG_WARN_STRICT_PROTOTYPES = YES;
				CLANG_WARN_SUSPICIOUS_MOVE = YES;
				CLANG_WARN_UNGUARDED_AVAILABILITY = YES_AGGRESSIVE;
				CLANG_WARN_UNREACHABLE_CODE = YES;
				CLANG_WARN__DUPLICATE_METHOD_MATCH = YES;
				COPY_PHASE_STRIP = NO;
				DEBUG_INFORMATION_FORMAT = "dwarf-with-dsym";
				ENABLE_NS_ASSERTIONS = NO;
				ENABLE_STRICT_OBJC_MSGSEND = YES;
				GCC_C_LANGUAGE_STANDARD = gnu11;
				GCC_NO_COMMON_BLOCKS = YES;
				GCC_WARN_64_TO_32_BIT_CONVERSION = YES;
				GCC_WARN_ABOUT_RETURN_TYPE = YES_ERROR;
				GCC_WARN_UNDECLARED_SELECTOR = YES;
				GCC_WARN_UNINITIALIZED_AUTOS = YES_AGGRESSIVE;
				GCC_WARN_UNUSED_FUNCTION = YES;
				GCC_WARN_UNUSED_VARIABLE = YES;
				IPHONEOS_DEPLOYMENT_TARGET = 14.5;
				MTL_ENABLE_DEBUG_INFO = NO;
				MTL_FAST_MATH = YES;
				SDKROOT = iphoneos;
				SWIFT_COMPILATION_MODE = wholemodule;
				SWIFT_OPTIMIZATION_LEVEL = "-O";
				VALIDATE_PRODUCT = YES;
			};
			name = Release;
		};
		F0463BB326A0D22100333407 /* Debug */ = {
			isa = XCBuildConfiguration;
			buildSettings = {
				ASSETCATALOG_COMPILER_APPICON_NAME = AppIcon;
				ASSETCATALOG_COMPILER_GLOBAL_ACCENT_COLOR_NAME = AccentColor;
				CODE_SIGN_STYLE = Automatic;
				DEVELOPMENT_ASSET_PATHS = "\"NamesToFaces/Preview Content\"";
				DEVELOPMENT_TEAM = YMM6HC33K6;
				ENABLE_PREVIEWS = YES;
				INFOPLIST_FILE = NamesToFaces/Info.plist;
				IPHONEOS_DEPLOYMENT_TARGET = 14.0;
				LD_RUNPATH_SEARCH_PATHS = (
					"$(inherited)",
					"@executable_path/Frameworks",
				);
				PRODUCT_BUNDLE_IDENTIFIER = "com.gmail-willes.shae.NamesToFaces";
				PRODUCT_NAME = "$(TARGET_NAME)";
				SWIFT_VERSION = 5.0;
				TARGETED_DEVICE_FAMILY = "1,2";
			};
			name = Debug;
		};
		F0463BB426A0D22100333407 /* Release */ = {
			isa = XCBuildConfiguration;
			buildSettings = {
				ASSETCATALOG_COMPILER_APPICON_NAME = AppIcon;
				ASSETCATALOG_COMPILER_GLOBAL_ACCENT_COLOR_NAME = AccentColor;
				CODE_SIGN_STYLE = Automatic;
				DEVELOPMENT_ASSET_PATHS = "\"NamesToFaces/Preview Content\"";
				DEVELOPMENT_TEAM = YMM6HC33K6;
				ENABLE_PREVIEWS = YES;
				INFOPLIST_FILE = NamesToFaces/Info.plist;
				IPHONEOS_DEPLOYMENT_TARGET = 14.0;
				LD_RUNPATH_SEARCH_PATHS = (
					"$(inherited)",
					"@executable_path/Frameworks",
				);
				PRODUCT_BUNDLE_IDENTIFIER = "com.gmail-willes.shae.NamesToFaces";
				PRODUCT_NAME = "$(TARGET_NAME)";
				SWIFT_VERSION = 5.0;
				TARGETED_DEVICE_FAMILY = "1,2";
			};
			name = Release;
		};
/* End XCBuildConfiguration section */

/* Begin XCConfigurationList section */
		F0463B9E26A0D21E00333407 /* Build configuration list for PBXProject "NamesToFaces" */ = {
			isa = XCConfigurationList;
			buildConfigurations = (
				F0463BB026A0D22100333407 /* Debug */,
				F0463BB126A0D22100333407 /* Release */,
			);
			defaultConfigurationIsVisible = 0;
			defaultConfigurationName = Release;
		};
		F0463BB226A0D22100333407 /* Build configuration list for PBXNativeTarget "NamesToFaces" */ = {
			isa = XCConfigurationList;
			buildConfigurations = (
				F0463BB326A0D22100333407 /* Debug */,
				F0463BB426A0D22100333407 /* Release */,
			);
			defaultConfigurationIsVisible = 0;
			defaultConfigurationName = Release;
		};
/* End XCConfigurationList section */
	};
	rootObject = F0463B9B26A0D21E00333407 /* Project object */;
}
